
Microsoft Visual Studio Solution File, Format Version 12.00
# Visual Studio Version 17
VisualStudioVersion = 17.3.32929.385
MinimumVisualStudioVersion = 10.0.40219.1
Project("{FAE04EC0-301F-11D3-BF4B-00C04F79EFBC}") = "WebApplication4", "WebApplication4\WebApplication4.csproj", "{4E848E84-EA7F-41CB-92E1-CF66543AF0F9}"
EndProject
Global
	GlobalSection(SolutionConfigurationPlatforms) = preSolution
		Debug|Any CPU = Debug|Any CPU
		Release|Any CPU = Release|Any CPU
	EndGlobalSection
	GlobalSection(ProjectConfigurationPlatforms) = postSolution
		{4E848E84-EA7F-41CB-92E1-CF66543AF0F9}.Debug|Any CPU.ActiveCfg = Debug|Any CPU
		{4E848E84-EA7F-41CB-92E1-CF66543AF0F9}.Debug|Any CPU.Build.0 = Debug|Any CPU
		{4E848E84-EA7F-41CB-92E1-CF66543AF0F9}.Release|Any CPU.ActiveCfg = Release|Any CPU
		{4E848E84-EA7F-41CB-92E1-CF66543AF0F9}.Release|Any CPU.Build.0 = Release|Any CPU
	EndGlobalSection
	GlobalSection(SolutionProperties) = preSolution
		HideSolutionNode = FALSE
	EndGlobalSection
	GlobalSection(ExtensibilityGlobals) = postSolution
		SolutionGuid = {839D3BD3-6506-4D20-BBDA-03EEE3CB4673}
	EndGlobalSection
EndGlobal
